
Microsoft Visual Studio Solution File, Format Version 12.00
# Visual Studio Version 17
VisualStudioVersion = 17.9.34728.123
MinimumVisualStudioVersion = 10.0.40219.1
Project("{FAE04EC0-301F-11D3-BF4B-00C04F79EFBC}") = "dz1", "dz1.csproj", "{10B65274-E7A4-4F8D-ADCA-64A4AC1D8CEA}"
EndProject
Global
	GlobalSection(SolutionConfigurationPlatforms) = preSolution
		Debug|Any CPU = Debug|Any CPU
		Release|Any CPU = Release|Any CPU
	EndGlobalSection
	GlobalSection(ProjectConfigurationPlatforms) = postSolution
		{10B65274-E7A4-4F8D-ADCA-64A4AC1D8CEA}.Debug|Any CPU.ActiveCfg = Debug|Any CPU
		{10B65274-E7A4-4F8D-ADCA-64A4AC1D8CEA}.Debug|Any CPU.Build.0 = Debug|Any CPU
		{10B65274-E7A4-4F8D-ADCA-64A4AC1D8CEA}.Release|Any CPU.ActiveCfg = Release|Any CPU
		{10B65274-E7A4-4F8D-ADCA-64A4AC1D8CEA}.Release|Any CPU.Build.0 = Release|Any CPU
	EndGlobalSection
	GlobalSection(SolutionProperties) = preSolution
		HideSolutionNode = FALSE
	EndGlobalSection
	GlobalSection(ExtensibilityGlobals) = postSolution
		SolutionGuid = {468E0575-4038-412C-92DD-C30D4B935F1A}
	EndGlobalSection
EndGlobal
