
Microsoft Visual Studio Solution File, Format Version 12.00
# Visual Studio Version 17
VisualStudioVersion = 17.9.34728.123
MinimumVisualStudioVersion = 10.0.40219.1
Project("{FAE04EC0-301F-11D3-BF4B-00C04F79EFBC}") = "dz2", "dz2.csproj", "{8002D9F9-DD16-4CB4-8E05-BE3DBF63B1C9}"
EndProject
Global
	GlobalSection(SolutionConfigurationPlatforms) = preSolution
		Debug|Any CPU = Debug|Any CPU
		Release|Any CPU = Release|Any CPU
	EndGlobalSection
	GlobalSection(ProjectConfigurationPlatforms) = postSolution
		{8002D9F9-DD16-4CB4-8E05-BE3DBF63B1C9}.Debug|Any CPU.ActiveCfg = Debug|Any CPU
		{8002D9F9-DD16-4CB4-8E05-BE3DBF63B1C9}.Debug|Any CPU.Build.0 = Debug|Any CPU
		{8002D9F9-DD16-4CB4-8E05-BE3DBF63B1C9}.Release|Any CPU.ActiveCfg = Release|Any CPU
		{8002D9F9-DD16-4CB4-8E05-BE3DBF63B1C9}.Release|Any CPU.Build.0 = Release|Any CPU
	EndGlobalSection
	GlobalSection(SolutionProperties) = preSolution
		HideSolutionNode = FALSE
	EndGlobalSection
	GlobalSection(ExtensibilityGlobals) = postSolution
		SolutionGuid = {E6B1C149-4BD8-4B43-B58C-FCA88193E052}
	EndGlobalSection
EndGlobal
